{
  "name": "architect-flows-example",
  "version": "1.0.0",
  "lockfileVersion": 1,
  "requires": true,
  "dependencies": {
    "asynckit": {
      "version": "0.4.0",
      "resolved": "https://purecloud.artifactoryonline.com/purecloud/api/npm/inin-internal-npm/asynckit/-/asynckit-0.4.0.tgz",
      "integrity": "sha1-x57Zf380y48robyXkLzDZkdLS3k="
    },
    "combined-stream": {
      "version": "1.0.8",
      "resolved": "https://purecloud.artifactoryonline.com/purecloud/api/npm/inin-internal-npm/combined-stream/-/combined-stream-1.0.8.tgz",
      "integrity": "sha1-w9RaizT9cwYxoRCoolIGgrMdWn8=",
      "requires": {
        "delayed-stream": "~1.0.0"
      }
    },
    "component-emitter": {
      "version": "1.3.0",
      "resolved": "https://purecloud.artifactoryonline.com/purecloud/api/npm/inin-internal-npm/component-emitter/-/component-emitter-1.3.0.tgz",
      "integrity": "sha1-FuQHD7qK4ptnnyIVhT7hgasuq8A="
    },
    "cookiejar": {
      "version": "2.1.2",
      "resolved": "https://purecloud.artifactoryonline.com/purecloud/api/npm/inin-internal-npm/cookiejar/-/cookiejar-2.1.2.tgz",
      "integrity": "sha1-3YojVTB1L5iPmghE8/xYnjERElw="
    },
    "core-util-is": {
      "version": "1.0.2",
      "resolved": "https://purecloud.artifactoryonline.com/purecloud/api/npm/inin-internal-npm/core-util-is/-/core-util-is-1.0.2.tgz",
      "integrity": "sha1-tf1UIgqivFq1eqtxQMlAdUUDwac="
    },
    "debug": {
      "version": "3.2.6",
      "resolved": "https://purecloud.artifactoryonline.com/purecloud/api/npm/inin-internal-npm/debug/-/debug-3.2.6.tgz",
      "integrity": "sha1-6D0X3hbYp++3cX7b5fsQE17uYps=",
      "requires": {
        "ms": "^2.1.1"
      }
    },
    "delayed-stream": {
      "version": "1.0.0",
      "resolved": "https://purecloud.artifactoryonline.com/purecloud/api/npm/inin-internal-npm/delayed-stream/-/delayed-stream-1.0.0.tgz",
      "integrity": "sha1-3zrhmayt+31ECqrgsp4icrJOxhk="
    },
    "extend": {
      "version": "3.0.2",
      "resolved": "https://purecloud.artifactoryonline.com/purecloud/api/npm/inin-internal-npm/extend/-/extend-3.0.2.tgz",
      "integrity": "sha1-+LETa0Bx+9jrFAr/hYsQGewpFfo="
    },
    "form-data": {
      "version": "2.5.1",
      "resolved": "https://purecloud.artifactoryonline.com/purecloud/api/npm/inin-internal-npm/form-data/-/form-data-2.5.1.tgz",
      "integrity": "sha1-8svsV7XlniNxbhKP5E1OXdI4lfQ=",
      "requires": {
        "asynckit": "^0.4.0",
        "combined-stream": "^1.0.6",
        "mime-types": "^2.1.12"
      }
    },
    "formidable": {
      "version": "1.2.1",
      "resolved": "https://purecloud.artifactoryonline.com/purecloud/api/npm/inin-internal-npm/formidable/-/formidable-1.2.1.tgz",
      "integrity": "sha1-cPt8oCkO5v+WEJBBX0s989IIJlk="
    },
    "inherits": {
      "version": "2.0.4",
      "resolved": "https://purecloud.artifactoryonline.com/purecloud/api/npm/inin-internal-npm/inherits/-/inherits-2.0.4.tgz",
      "integrity": "sha1-D6LGT5MpF8NDOg3tVTY6rjdBa3w="
    },
    "isarray": {
      "version": "1.0.0",
      "resolved": "https://purecloud.artifactoryonline.com/purecloud/api/npm/inin-internal-npm/isarray/-/isarray-1.0.0.tgz",
      "integrity": "sha1-u5NdSFgsuhaMBoNJV6VKPgcSTxE="
    },
    "luxon": {
      "version": "1.17.2",
      "resolved": "https://purecloud.artifactoryonline.com/purecloud/api/npm/inin-internal-npm/luxon/-/luxon-1.17.2.tgz",
      "integrity": "sha1-lRicRQNBz931+CbvjDK1sCKUP9U=",
      "optional": true
    },
    "methods": {
      "version": "1.1.2",
      "resolved": "https://purecloud.artifactoryonline.com/purecloud/api/npm/inin-internal-npm/methods/-/methods-1.1.2.tgz",
      "integrity": "sha1-VSmk1nZUE07cxSZmVoNbD4Ua/O4="
    },
    "mime": {
      "version": "1.6.0",
      "resolved": "https://purecloud.artifactoryonline.com/purecloud/api/npm/inin-internal-npm/mime/-/mime-1.6.0.tgz",
      "integrity": "sha1-Ms2eXGRVO9WNGaVor0Uqz/BJgbE="
    },
    "mime-db": {
      "version": "1.40.0",
      "resolved": "https://purecloud.artifactoryonline.com/purecloud/api/npm/inin-internal-npm/mime-db/-/mime-db-1.40.0.tgz",
      "integrity": "sha1-plBX6ZjbCQ9zKmj2wnbTh9QSbDI="
    },
    "mime-types": {
      "version": "2.1.24",
      "resolved": "https://purecloud.artifactoryonline.com/purecloud/api/npm/inin-internal-npm/mime-types/-/mime-types-2.1.24.tgz",
      "integrity": "sha1-tvjQs+lR77d97eyhlM/20W9nb4E=",
      "requires": {
        "mime-db": "1.40.0"
      }
    },
    "moment": {
      "version": "2.24.0",
      "resolved": "https://purecloud.artifactoryonline.com/purecloud/api/npm/inin-internal-npm/moment/-/moment-2.24.0.tgz",
      "integrity": "sha1-DQVdU/UFKqZTyfbraLtdEr9cK1s="
    },
    "ms": {
      "version": "2.1.2",
      "resolved": "https://purecloud.artifactoryonline.com/purecloud/api/npm/inin-internal-npm/ms/-/ms-2.1.2.tgz",
      "integrity": "sha1-0J0fNXtEP0kzgqjrPM0YOHKuYAk="
    },
    "process-nextick-args": {
      "version": "2.0.1",
      "resolved": "https://purecloud.artifactoryonline.com/purecloud/api/npm/inin-internal-npm/process-nextick-args/-/process-nextick-args-2.0.1.tgz",
      "integrity": "sha1-eCDZsWEgzFXKmud5JoCufbptf+I="
    },
    "purecloud-platform-client-v2": {
      "version": "55.0.0",
      "resolved": "https://purecloud.artifactoryonline.com/purecloud/api/npm/inin-internal-npm/purecloud-platform-client-v2/-/purecloud-platform-client-v2-55.0.0.tgz",
      "integrity": "sha1-R1XwlHUaPcJo3g6mHU1/up0eZo8=",
      "requires": {
        "superagent": "^3.8.3"
      }
    },
    "qs": {
      "version": "6.8.0",
      "resolved": "https://purecloud.artifactoryonline.com/purecloud/api/npm/inin-internal-npm/qs/-/qs-6.8.0.tgz",
      "integrity": "sha1-h7dj8NN8pUIAM0zVe7Lvj2ih0IE="
    },
    "readable-stream": {
      "version": "2.3.6",
      "resolved": "https://purecloud.artifactoryonline.com/purecloud/api/npm/inin-internal-npm/readable-stream/-/readable-stream-2.3.6.tgz",
      "integrity": "sha1-sRwn2IuP8fvgcGQ8+UsMea4bCq8=",
      "requires": {
        "core-util-is": "~1.0.0",
        "inherits": "~2.0.3",
        "isarray": "~1.0.0",
        "process-nextick-args": "~2.0.0",
        "safe-buffer": "~5.1.1",
        "string_decoder": "~1.1.1",
        "util-deprecate": "~1.0.1"
      }
    },
    "rrule": {
      "version": "2.6.2",
      "resolved": "https://purecloud.artifactoryonline.com/purecloud/api/npm/inin-internal-npm/rrule/-/rrule-2.6.2.tgz",
      "integrity": "sha1-8XXGwLINb3mHOeTh2Xn/s9eVieg=",
      "requires": {
        "luxon": "^1.3.3",
        "tslib": "^1.9.0"
      }
    },
    "safe-buffer": {
      "version": "5.1.2",
      "resolved": "https://purecloud.artifactoryonline.com/purecloud/api/npm/inin-internal-npm/safe-buffer/-/safe-buffer-5.1.2.tgz",
      "integrity": "sha1-mR7GnSluAxN0fVm9/St0XDX4go0="
    },
    "string_decoder": {
      "version": "1.1.1",
      "resolved": "https://purecloud.artifactoryonline.com/purecloud/api/npm/inin-internal-npm/string_decoder/-/string_decoder-1.1.1.tgz",
      "integrity": "sha1-nPFhG6YmhdcDCunkujQUnDrwP8g=",
      "requires": {
        "safe-buffer": "~5.1.0"
      }
    },
    "superagent": {
      "version": "3.8.3",
      "resolved": "https://purecloud.artifactoryonline.com/purecloud/api/npm/inin-internal-npm/superagent/-/superagent-3.8.3.tgz",
      "integrity": "sha1-Rg6g29t9WxG8T3jeulZfhqF44Sg=",
      "requires": {
        "component-emitter": "^1.2.0",
        "cookiejar": "^2.1.0",
        "debug": "^3.1.0",
        "extend": "^3.0.0",
        "form-data": "^2.3.1",
        "formidable": "^1.2.0",
        "methods": "^1.1.1",
        "mime": "^1.4.1",
        "qs": "^6.5.1",
        "readable-stream": "^2.3.5"
      }
    },
    "tslib": {
      "version": "1.10.0",
      "resolved": "https://purecloud.artifactoryonline.com/purecloud/api/npm/inin-internal-npm/tslib/-/tslib-1.10.0.tgz",
      "integrity": "sha1-w8GflZc/sKYpc/sJ2Q2WHuQ+XIo="
    },
    "util-deprecate": {
      "version": "1.0.2",
      "resolved": "https://purecloud.artifactoryonline.com/purecloud/api/npm/inin-internal-npm/util-deprecate/-/util-deprecate-1.0.2.tgz",
      "integrity": "sha1-RQ1Nyfpw3nMnYvvS1KKJgUGaDM8="
    }
  }
}
